
Microsoft Visual Studio Solution File, Format Version 12.00
# Visual Studio 15
VisualStudioVersion = 15.0.28010.2050
MinimumVisualStudioVersion = 10.0.40219.1
Project("{FAE04EC0-301F-11D3-BF4B-00C04F79EFBC}") = "PremitivesCheck", "PremitivesCheck\PremitivesCheck.csproj", "{A584C029-4BB2-49D7-915D-5681AE276380}"
EndProject
Global
	GlobalSection(SolutionConfigurationPlatforms) = preSolution
		Debug|Any CPU = Debug|Any CPU
		Release|Any CPU = Release|Any CPU
	EndGlobalSection
	GlobalSection(ProjectConfigurationPlatforms) = postSolution
		{A584C029-4BB2-49D7-915D-5681AE276380}.Debug|Any CPU.ActiveCfg = Debug|Any CPU
		{A584C029-4BB2-49D7-915D-5681AE276380}.Debug|Any CPU.Build.0 = Debug|Any CPU
		{A584C029-4BB2-49D7-915D-5681AE276380}.Release|Any CPU.ActiveCfg = Release|Any CPU
		{A584C029-4BB2-49D7-915D-5681AE276380}.Release|Any CPU.Build.0 = Release|Any CPU
	EndGlobalSection
	GlobalSection(SolutionProperties) = preSolution
		HideSolutionNode = FALSE
	EndGlobalSection
	GlobalSection(ExtensibilityGlobals) = postSolution
		SolutionGuid = {96CE2850-FCDD-484B-8D95-58583D4B5E2F}
	EndGlobalSection
EndGlobal
